
Microsoft Visual Studio Solution File, Format Version 12.00
# Visual Studio Version 17
VisualStudioVersion = 17.8.34330.188
MinimumVisualStudioVersion = 10.0.40219.1
Project("{FAE04EC0-301F-11D3-BF4B-00C04F79EFBC}") = "Promact.Core", "Promact.Core.csproj", "{CF4E708F-CCAF-4929-9ED4-05879CC1AEA3}"
EndProject
Global
	GlobalSection(SolutionConfigurationPlatforms) = preSolution
		Debug|Any CPU = Debug|Any CPU
		Release|Any CPU = Release|Any CPU
	EndGlobalSection
	GlobalSection(ProjectConfigurationPlatforms) = postSolution
		{CF4E708F-CCAF-4929-9ED4-05879CC1AEA3}.Debug|Any CPU.ActiveCfg = Debug|Any CPU
		{CF4E708F-CCAF-4929-9ED4-05879CC1AEA3}.Debug|Any CPU.Build.0 = Debug|Any CPU
		{CF4E708F-CCAF-4929-9ED4-05879CC1AEA3}.Release|Any CPU.ActiveCfg = Release|Any CPU
		{CF4E708F-CCAF-4929-9ED4-05879CC1AEA3}.Release|Any CPU.Build.0 = Release|Any CPU
	EndGlobalSection
	GlobalSection(SolutionProperties) = preSolution
		HideSolutionNode = FALSE
	EndGlobalSection
	GlobalSection(ExtensibilityGlobals) = postSolution
		SolutionGuid = {4E502DDF-5C02-4E8E-92F3-B5FEE417C357}
	EndGlobalSection
EndGlobal
